<?xml version="1.0" encoding="utf-8"?>
<Project ToolsVersion="4.0" xmlns="http://schemas.microsoft.com/developer/msbuild/2003">
  <ItemGroup>
    <Filter Include="Source Files">
      <UniqueIdentifier>{4FC737F1-C7A5-4376-A066-2A32D752A2FF}</UniqueIdentifier>
      <Extensions>cpp;c;cc;cxx;c++;cppm;ixx;def;odl;idl;hpj;bat;asm;asmx</Extensions>
    </Filter>
    <Filter Include="Header Files">
      <UniqueIdentifier>{93995380-89BD-4b04-88EB-625FBE52EBFB}</UniqueIdentifier>
      <Extensions>h;hh;hpp;hxx;h++;hm;inl;inc;ipp;xsd</Extensions>
    </Filter>
    <Filter Include="Resource Files">
      <UniqueIdentifier>{67DA6AB6-F800-4c08-8B7A-83BB121AAD01}</UniqueIdentifier>
      <Extensions>rc;ico;cur;bmp;dlg;rc2;rct;bin;rgs;gif;jpg;jpeg;jpe;resx;tiff;tif;png;wav;mfcribbon-ms</Extensions>
    </Filter>
    <Filter Include="Models">
      <UniqueIdentifier>{946813a3-2485-412c-af45-7e50467fd747}</UniqueIdentifier>
    </Filter>
    <Filter Include="Files">
      <UniqueIdentifier>{90a27088-2e5e-47bf-974e-e3a8831010cb}</UniqueIdentifier>
    </Filter>
    <Filter Include="Utility">
      <UniqueIdentifier>{587b5657-06a8-48dd-beef-13a85e9c198d}</UniqueIdentifier>
    </Filter>
    <Filter Include="controller">
      <UniqueIdentifier>{52987b0f-442f-4ef6-b773-57a26ef7b6ab}</UniqueIdentifier>
    </Filter>
    <Filter Include="view">
      <UniqueIdentifier>{861f214a-0ac6-41e7-9f55-93004a87d700}</UniqueIdentifier>
    </Filter>
  </ItemGroup>
  <ItemGroup>
    <ClCompile Include="Trenser.LearnerManagementSystem.cpp">
      <Filter>Source Files</Filter>
    </ClCompile>
    <ClCompile Include="User.cpp">
      <Filter>Models</Filter>
    </ClCompile>
    <ClCompile Include="Instructor.cpp">
      <Filter>Models</Filter>
    </ClCompile>
    <ClCompile Include="Admin.cpp">
      <Filter>Models</Filter>
    </ClCompile>
    <ClCompile Include="Student.cpp">
      <Filter>Models</Filter>
    </ClCompile>
    <ClCompile Include="Authentication.cpp">
      <Filter>Utility</Filter>
    </ClCompile>
    <ClCompile Include="FileManager.cpp">
      <Filter>Utility</Filter>
    </ClCompile>
    <ClCompile Include="Course.cpp">
      <Filter>Models</Filter>
    </ClCompile>
    <ClCompile Include="Enrollment.cpp">
      <Filter>Models</Filter>
    </ClCompile>
    <ClCompile Include="LMSController.cpp">
      <Filter>controller</Filter>
    </ClCompile>
    <ClCompile Include="Group.cpp">
      <Filter>Models</Filter>
    </ClCompile>
    <ClCompile Include="Menu.cpp">
      <Filter>view</Filter>
    </ClCompile>
  </ItemGroup>
  <ItemGroup>
    <ClInclude Include="User.h">
      <Filter>Models</Filter>
    </ClInclude>
    <ClInclude Include="Instructor.h">
      <Filter>Models</Filter>
    </ClInclude>
    <ClInclude Include="Admin.h">
      <Filter>Models</Filter>
    </ClInclude>
    <ClInclude Include="Student.h">
      <Filter>Models</Filter>
    </ClInclude>
    <ClInclude Include="Authentication.h">
      <Filter>Utility</Filter>
    </ClInclude>
    <ClInclude Include="Course.h">
      <Filter>Models</Filter>
    </ClInclude>
    <ClInclude Include="FileManager.h">
      <Filter>Utility</Filter>
    </ClInclude>
    <ClInclude Include="Enrollment.h">
      <Filter>Models</Filter>
    </ClInclude>
    <ClInclude Include="LMSController.h">
      <Filter>controller</Filter>
    </ClInclude>
    <ClInclude Include="Group.h">
      <Filter>Models</Filter>
    </ClInclude>
    <ClInclude Include="Menu.h">
      <Filter>view</Filter>
    </ClInclude>
  </ItemGroup>
</Project>